# THIS IS AN AUTOGENERATED FILE. DO NOT EDIT THIS FILE DIRECTLY.
# yarn lockfile v1


sortablejs@^1.15.6:
  version "1.15.6"
  resolved "https://registry.yarnpkg.com/sortablejs/-/sortablejs-1.15.6.tgz#ff93699493f5b8ab8d828f933227b4988df1d393"
  integrity sha512-aNfiuwMEpfBM/CN6LY0ibyhxPfPbyFeBTYJKCvzkJ2GkUpazIt3H+QIPAMHwqQ7tMKaHz1Qj+rJJCqljnf4p3A==
